
Microsoft Visual Studio Solution File, Format Version 12.00
# Visual Studio 2012
Project("{FAE04EC0-301F-11D3-BF4B-00C04F79EFBC}") = "PopColorPicker", "PopColorPicker\PopColorPicker.csproj", "{4E4F4198-83E0-4D23-8EFD-65769ADE8780}"
EndProject
Project("{FAE04EC0-301F-11D3-BF4B-00C04F79EFBC}") = "PopColorPicker.Sample", "PopColorPicker.Sample\PopColorPicker.Sample.csproj", "{EAC41913-679E-474D-8305-F03D7E06BCB0}"
EndProject
Global
	GlobalSection(SolutionConfigurationPlatforms) = preSolution
		Debug|Any CPU = Debug|Any CPU
		Release|Any CPU = Release|Any CPU
		Debug|iPhoneSimulator = Debug|iPhoneSimulator
		Release|iPhoneSimulator = Release|iPhoneSimulator
		Debug|iPhone = Debug|iPhone
		Release|iPhone = Release|iPhone
		Ad-Hoc|iPhone = Ad-Hoc|iPhone
		AppStore|iPhone = AppStore|iPhone
	EndGlobalSection
	GlobalSection(ProjectConfigurationPlatforms) = postSolution
		{4E4F4198-83E0-4D23-8EFD-65769ADE8780}.Ad-Hoc|iPhone.ActiveCfg = Debug|Any CPU
		{4E4F4198-83E0-4D23-8EFD-65769ADE8780}.Ad-Hoc|iPhone.Build.0 = Debug|Any CPU
		{4E4F4198-83E0-4D23-8EFD-65769ADE8780}.AppStore|iPhone.ActiveCfg = Debug|Any CPU
		{4E4F4198-83E0-4D23-8EFD-65769ADE8780}.AppStore|iPhone.Build.0 = Debug|Any CPU
		{4E4F4198-83E0-4D23-8EFD-65769ADE8780}.Debug|Any CPU.ActiveCfg = Debug|Any CPU
		{4E4F4198-83E0-4D23-8EFD-65769ADE8780}.Debug|Any CPU.Build.0 = Debug|Any CPU
		{4E4F4198-83E0-4D23-8EFD-65769ADE8780}.Debug|iPhone.ActiveCfg = Debug|Any CPU
		{4E4F4198-83E0-4D23-8EFD-65769ADE8780}.Debug|iPhone.Build.0 = Debug|Any CPU
		{4E4F4198-83E0-4D23-8EFD-65769ADE8780}.Debug|iPhoneSimulator.ActiveCfg = Debug|Any CPU
		{4E4F4198-83E0-4D23-8EFD-65769ADE8780}.Debug|iPhoneSimulator.Build.0 = Debug|Any CPU
		{4E4F4198-83E0-4D23-8EFD-65769ADE8780}.Release|Any CPU.ActiveCfg = Release|Any CPU
		{4E4F4198-83E0-4D23-8EFD-65769ADE8780}.Release|Any CPU.Build.0 = Release|Any CPU
		{4E4F4198-83E0-4D23-8EFD-65769ADE8780}.Release|iPhone.ActiveCfg = Release|Any CPU
		{4E4F4198-83E0-4D23-8EFD-65769ADE8780}.Release|iPhone.Build.0 = Release|Any CPU
		{4E4F4198-83E0-4D23-8EFD-65769ADE8780}.Release|iPhoneSimulator.ActiveCfg = Release|Any CPU
		{4E4F4198-83E0-4D23-8EFD-65769ADE8780}.Release|iPhoneSimulator.Build.0 = Release|Any CPU
		{EAC41913-679E-474D-8305-F03D7E06BCB0}.Ad-Hoc|iPhone.ActiveCfg = Ad-Hoc|iPhone
		{EAC41913-679E-474D-8305-F03D7E06BCB0}.Ad-Hoc|iPhone.Build.0 = Ad-Hoc|iPhone
		{EAC41913-679E-474D-8305-F03D7E06BCB0}.AppStore|iPhone.ActiveCfg = AppStore|iPhone
		{EAC41913-679E-474D-8305-F03D7E06BCB0}.AppStore|iPhone.Build.0 = AppStore|iPhone
		{EAC41913-679E-474D-8305-F03D7E06BCB0}.Debug|Any CPU.ActiveCfg = Debug|iPhoneSimulator
		{EAC41913-679E-474D-8305-F03D7E06BCB0}.Debug|Any CPU.Build.0 = Debug|iPhoneSimulator
		{EAC41913-679E-474D-8305-F03D7E06BCB0}.Debug|iPhone.ActiveCfg = Debug|iPhone
		{EAC41913-679E-474D-8305-F03D7E06BCB0}.Debug|iPhone.Build.0 = Debug|iPhone
		{EAC41913-679E-474D-8305-F03D7E06BCB0}.Debug|iPhoneSimulator.ActiveCfg = Debug|iPhoneSimulator
		{EAC41913-679E-474D-8305-F03D7E06BCB0}.Debug|iPhoneSimulator.Build.0 = Debug|iPhoneSimulator
		{EAC41913-679E-474D-8305-F03D7E06BCB0}.Release|Any CPU.ActiveCfg = Release|iPhoneSimulator
		{EAC41913-679E-474D-8305-F03D7E06BCB0}.Release|Any CPU.Build.0 = Release|iPhoneSimulator
		{EAC41913-679E-474D-8305-F03D7E06BCB0}.Release|iPhone.ActiveCfg = Release|iPhone
		{EAC41913-679E-474D-8305-F03D7E06BCB0}.Release|iPhone.Build.0 = Release|iPhone
		{EAC41913-679E-474D-8305-F03D7E06BCB0}.Release|iPhoneSimulator.ActiveCfg = Release|iPhoneSimulator
		{EAC41913-679E-474D-8305-F03D7E06BCB0}.Release|iPhoneSimulator.Build.0 = Release|iPhoneSimulator
	EndGlobalSection
	GlobalSection(MonoDevelopProperties) = preSolution
		StartupItem = PopColorPicker.Sample\PopColorPicker.Sample.csproj
	EndGlobalSection
EndGlobal
